
Microsoft Visual Studio Solution File, Format Version 12.00
# Visual Studio Version 16
VisualStudioVersion = 16.0.31613.86
MinimumVisualStudioVersion = 10.0.40219.1
Project("{FAE04EC0-301F-11D3-BF4B-00C04F79EFBC}") = "Kargo ücreti", "Kargo ücreti.csproj", "{3A6E2F58-0FB9-4DC0-9FDD-C71075B11224}"
EndProject
Global
	GlobalSection(SolutionConfigurationPlatforms) = preSolution
		Debug|Any CPU = Debug|Any CPU
		Release|Any CPU = Release|Any CPU
	EndGlobalSection
	GlobalSection(ProjectConfigurationPlatforms) = postSolution
		{3A6E2F58-0FB9-4DC0-9FDD-C71075B11224}.Debug|Any CPU.ActiveCfg = Debug|Any CPU
		{3A6E2F58-0FB9-4DC0-9FDD-C71075B11224}.Debug|Any CPU.Build.0 = Debug|Any CPU
		{3A6E2F58-0FB9-4DC0-9FDD-C71075B11224}.Release|Any CPU.ActiveCfg = Release|Any CPU
		{3A6E2F58-0FB9-4DC0-9FDD-C71075B11224}.Release|Any CPU.Build.0 = Release|Any CPU
	EndGlobalSection
	GlobalSection(SolutionProperties) = preSolution
		HideSolutionNode = FALSE
	EndGlobalSection
	GlobalSection(ExtensibilityGlobals) = postSolution
		SolutionGuid = {4EE0AE68-19A2-49B4-9053-DF0A741BBFDE}
	EndGlobalSection
EndGlobal
